
Microsoft Visual Studio Solution File, Format Version 12.00
# Visual Studio Version 17
VisualStudioVersion = 17.11.35327.3
MinimumVisualStudioVersion = 10.0.40219.1
Project("{FAE04EC0-301F-11D3-BF4B-00C04F79EFBC}") = "ToDoListManager", "ToDoListManager.csproj", "{06103935-95A3-41BB-9E51-FB002FEBEE05}"
EndProject
Global
	GlobalSection(SolutionConfigurationPlatforms) = preSolution
		Debug|Any CPU = Debug|Any CPU
		Release|Any CPU = Release|Any CPU
	EndGlobalSection
	GlobalSection(ProjectConfigurationPlatforms) = postSolution
		{06103935-95A3-41BB-9E51-FB002FEBEE05}.Debug|Any CPU.ActiveCfg = Debug|Any CPU
		{06103935-95A3-41BB-9E51-FB002FEBEE05}.Debug|Any CPU.Build.0 = Debug|Any CPU
		{06103935-95A3-41BB-9E51-FB002FEBEE05}.Release|Any CPU.ActiveCfg = Release|Any CPU
		{06103935-95A3-41BB-9E51-FB002FEBEE05}.Release|Any CPU.Build.0 = Release|Any CPU
	EndGlobalSection
	GlobalSection(SolutionProperties) = preSolution
		HideSolutionNode = FALSE
	EndGlobalSection
	GlobalSection(ExtensibilityGlobals) = postSolution
		SolutionGuid = {9B365F15-5865-4818-B6DC-0337C2645D8F}
	EndGlobalSection
EndGlobal
